<?xml version="1.0" encoding="utf-8"?>
<Project ToolsVersion="4.0" xmlns="http://schemas.microsoft.com/developer/msbuild/2003">
  <ItemGroup>
    <Filter Include="Source Files">
      <UniqueIdentifier>{4FC737F1-C7A5-4376-A066-2A32D752A2FF}</UniqueIdentifier>
      <Extensions>cpp;c;cc;cxx;c++;cppm;ixx;def;odl;idl;hpj;bat;asm;asmx</Extensions>
    </Filter>
    <Filter Include="Header Files">
      <UniqueIdentifier>{93995380-89BD-4b04-88EB-625FBE52EBFB}</UniqueIdentifier>
      <Extensions>h;hh;hpp;hxx;h++;hm;inl;inc;ipp;xsd</Extensions>
    </Filter>
    <Filter Include="Resource Files">
      <UniqueIdentifier>{67DA6AB6-F800-4c08-8B7A-83BB121AAD01}</UniqueIdentifier>
      <Extensions>rc;ico;cur;bmp;dlg;rc2;rct;bin;rgs;gif;jpg;jpeg;jpe;resx;tiff;tif;png;wav;mfcribbon-ms</Extensions>
    </Filter>
  </ItemGroup>
  <ItemGroup>
    <ClCompile Include="src\main.cpp">
      <Filter>Source Files</Filter>
    </ClCompile>
    <ClCompile Include="imgui\imgui.cpp">
      <Filter>Source Files</Filter>
    </ClCompile>
    <ClCompile Include="imgui\imgui_draw.cpp">
      <Filter>Source Files</Filter>
    </ClCompile>
    <ClCompile Include="imgui\imgui_tables.cpp">
      <Filter>Source Files</Filter>
    </ClCompile>
    <ClCompile Include="imgui\imgui_widgets.cpp">
      <Filter>Source Files</Filter>
    </ClCompile>
    <ClCompile Include="imgui\imgui-SFML.cpp">
      <Filter>Source Files</Filter>
    </ClCompile>
    <ClCompile Include="imgui\imgui_demo.cpp">
      <Filter>Source Files</Filter>
    </ClCompile>
  </ItemGroup>
  <ItemGroup>
    <ClInclude Include="imgui\imconfig.h">
      <Filter>Header Files</Filter>
    </ClInclude>
    <ClInclude Include="imgui\imconfig-SFML.h">
      <Filter>Header Files</Filter>
    </ClInclude>
    <ClInclude Include="imgui\imgui.h">
      <Filter>Header Files</Filter>
    </ClInclude>
    <ClInclude Include="imgui\imgui_internal.h">
      <Filter>Header Files</Filter>
    </ClInclude>
    <ClInclude Include="imgui\imgui-SFML.h">
      <Filter>Header Files</Filter>
    </ClInclude>
    <ClInclude Include="imgui\imgui-SFML_export.h">
      <Filter>Header Files</Filter>
    </ClInclude>
    <ClInclude Include="imgui\imstb_rectpack.h">
      <Filter>Header Files</Filter>
    </ClInclude>
    <ClInclude Include="imgui\imstb_textedit.h">
      <Filter>Header Files</Filter>
    </ClInclude>
    <ClInclude Include="imgui\imstb_truetype.h">
      <Filter>Header Files</Filter>
    </ClInclude>
    <ClInclude Include="Liabraries\SFML-3.0.0\include\SFML\Audio\AudioResource.hpp">
      <Filter>Header Files</Filter>
    </ClInclude>
    <ClInclude Include="Liabraries\SFML-3.0.0\include\SFML\Audio\Export.hpp">
      <Filter>Header Files</Filter>
    </ClInclude>
    <ClInclude Include="Liabraries\SFML-3.0.0\include\SFML\Audio\InputSoundFile.hpp">
      <Filter>Header Files</Filter>
    </ClInclude>
    <ClInclude Include="Liabraries\SFML-3.0.0\include\SFML\Audio\Listener.hpp">
      <Filter>Header Files</Filter>
    </ClInclude>
    <ClInclude Include="Liabraries\SFML-3.0.0\include\SFML\Audio\Music.hpp">
      <Filter>Header Files</Filter>
    </ClInclude>
    <ClInclude Include="Liabraries\SFML-3.0.0\include\SFML\Audio\OutputSoundFile.hpp">
      <Filter>Header Files</Filter>
    </ClInclude>
    <ClInclude Include="Liabraries\SFML-3.0.0\include\SFML\Audio\PlaybackDevice.hpp">
      <Filter>Header Files</Filter>
    </ClInclude>
    <ClInclude Include="Liabraries\SFML-3.0.0\include\SFML\Audio\Sound.hpp">
      <Filter>Header Files</Filter>
    </ClInclude>
    <ClInclude Include="Liabraries\SFML-3.0.0\include\SFML\Audio\SoundBuffer.hpp">
      <Filter>Header Files</Filter>
    </ClInclude>
    <ClInclude Include="Liabraries\SFML-3.0.0\include\SFML\Audio\SoundBufferRecorder.hpp">
      <Filter>Header Files</Filter>
    </ClInclude>
    <ClInclude Include="Liabraries\SFML-3.0.0\include\SFML\Audio\SoundChannel.hpp">
      <Filter>Header Files</Filter>
    </ClInclude>
    <ClInclude Include="Liabraries\SFML-3.0.0\include\SFML\Audio\SoundFileFactory.hpp">
      <Filter>Header Files</Filter>
    </ClInclude>
    <ClInclude Include="Liabraries\SFML-3.0.0\include\SFML\Audio\SoundFileReader.hpp">
      <Filter>Header Files</Filter>
    </ClInclude>
    <ClInclude Include="Liabraries\SFML-3.0.0\include\SFML\Audio\SoundFileWriter.hpp">
      <Filter>Header Files</Filter>
    </ClInclude>
    <ClInclude Include="Liabraries\SFML-3.0.0\include\SFML\Audio\SoundRecorder.hpp">
      <Filter>Header Files</Filter>
    </ClInclude>
    <ClInclude Include="Liabraries\SFML-3.0.0\include\SFML\Audio\SoundSource.hpp">
      <Filter>Header Files</Filter>
    </ClInclude>
    <ClInclude Include="Liabraries\SFML-3.0.0\include\SFML\Audio\SoundStream.hpp">
      <Filter>Header Files</Filter>
    </ClInclude>
    <ClInclude Include="Liabraries\SFML-3.0.0\include\SFML\Graphics\BlendMode.hpp">
      <Filter>Header Files</Filter>
    </ClInclude>
    <ClInclude Include="Liabraries\SFML-3.0.0\include\SFML\Graphics\CircleShape.hpp">
      <Filter>Header Files</Filter>
    </ClInclude>
    <ClInclude Include="Liabraries\SFML-3.0.0\include\SFML\Graphics\Color.hpp">
      <Filter>Header Files</Filter>
    </ClInclude>
    <ClInclude Include="Liabraries\SFML-3.0.0\include\SFML\Graphics\ConvexShape.hpp">
      <Filter>Header Files</Filter>
    </ClInclude>
    <ClInclude Include="Liabraries\SFML-3.0.0\include\SFML\Graphics\CoordinateType.hpp">
      <Filter>Header Files</Filter>
    </ClInclude>
    <ClInclude Include="Liabraries\SFML-3.0.0\include\SFML\Graphics\Drawable.hpp">
      <Filter>Header Files</Filter>
    </ClInclude>
    <ClInclude Include="Liabraries\SFML-3.0.0\include\SFML\Graphics\Export.hpp">
      <Filter>Header Files</Filter>
    </ClInclude>
    <ClInclude Include="Liabraries\SFML-3.0.0\include\SFML\Graphics\Font.hpp">
      <Filter>Header Files</Filter>
    </ClInclude>
    <ClInclude Include="Liabraries\SFML-3.0.0\include\SFML\Graphics\Glsl.hpp">
      <Filter>Header Files</Filter>
    </ClInclude>
    <ClInclude Include="Liabraries\SFML-3.0.0\include\SFML\Graphics\Glyph.hpp">
      <Filter>Header Files</Filter>
    </ClInclude>
    <ClInclude Include="Liabraries\SFML-3.0.0\include\SFML\Graphics\Image.hpp">
      <Filter>Header Files</Filter>
    </ClInclude>
    <ClInclude Include="Liabraries\SFML-3.0.0\include\SFML\Graphics\PrimitiveType.hpp">
      <Filter>Header Files</Filter>
    </ClInclude>
    <ClInclude Include="Liabraries\SFML-3.0.0\include\SFML\Graphics\Rect.hpp">
      <Filter>Header Files</Filter>
    </ClInclude>
    <ClInclude Include="Liabraries\SFML-3.0.0\include\SFML\Graphics\RectangleShape.hpp">
      <Filter>Header Files</Filter>
    </ClInclude>
    <ClInclude Include="Liabraries\SFML-3.0.0\include\SFML\Graphics\RenderStates.hpp">
      <Filter>Header Files</Filter>
    </ClInclude>
    <ClInclude Include="Liabraries\SFML-3.0.0\include\SFML\Graphics\RenderTarget.hpp">
      <Filter>Header Files</Filter>
    </ClInclude>
    <ClInclude Include="Liabraries\SFML-3.0.0\include\SFML\Graphics\RenderTexture.hpp">
      <Filter>Header Files</Filter>
    </ClInclude>
    <ClInclude Include="Liabraries\SFML-3.0.0\include\SFML\Graphics\RenderWindow.hpp">
      <Filter>Header Files</Filter>
    </ClInclude>
    <ClInclude Include="Liabraries\SFML-3.0.0\include\SFML\Graphics\Shader.hpp">
      <Filter>Header Files</Filter>
    </ClInclude>
    <ClInclude Include="Liabraries\SFML-3.0.0\include\SFML\Graphics\Shape.hpp">
      <Filter>Header Files</Filter>
    </ClInclude>
    <ClInclude Include="Liabraries\SFML-3.0.0\include\SFML\Graphics\Sprite.hpp">
      <Filter>Header Files</Filter>
    </ClInclude>
    <ClInclude Include="Liabraries\SFML-3.0.0\include\SFML\Graphics\StencilMode.hpp">
      <Filter>Header Files</Filter>
    </ClInclude>
    <ClInclude Include="Liabraries\SFML-3.0.0\include\SFML\Graphics\Text.hpp">
      <Filter>Header Files</Filter>
    </ClInclude>
    <ClInclude Include="Liabraries\SFML-3.0.0\include\SFML\Graphics\Texture.hpp">
      <Filter>Header Files</Filter>
    </ClInclude>
    <ClInclude Include="Liabraries\SFML-3.0.0\include\SFML\Graphics\Transform.hpp">
      <Filter>Header Files</Filter>
    </ClInclude>
    <ClInclude Include="Liabraries\SFML-3.0.0\include\SFML\Graphics\Transformable.hpp">
      <Filter>Header Files</Filter>
    </ClInclude>
    <ClInclude Include="Liabraries\SFML-3.0.0\include\SFML\Graphics\Vertex.hpp">
      <Filter>Header Files</Filter>
    </ClInclude>
    <ClInclude Include="Liabraries\SFML-3.0.0\include\SFML\Graphics\VertexArray.hpp">
      <Filter>Header Files</Filter>
    </ClInclude>
    <ClInclude Include="Liabraries\SFML-3.0.0\include\SFML\Graphics\VertexBuffer.hpp">
      <Filter>Header Files</Filter>
    </ClInclude>
    <ClInclude Include="Liabraries\SFML-3.0.0\include\SFML\Graphics\View.hpp">
      <Filter>Header Files</Filter>
    </ClInclude>
    <ClInclude Include="Liabraries\SFML-3.0.0\include\SFML\Network\Export.hpp">
      <Filter>Header Files</Filter>
    </ClInclude>
    <ClInclude Include="Liabraries\SFML-3.0.0\include\SFML\Network\Ftp.hpp">
      <Filter>Header Files</Filter>
    </ClInclude>
    <ClInclude Include="Liabraries\SFML-3.0.0\include\SFML\Network\Http.hpp">
      <Filter>Header Files</Filter>
    </ClInclude>
    <ClInclude Include="Liabraries\SFML-3.0.0\include\SFML\Network\IpAddress.hpp">
      <Filter>Header Files</Filter>
    </ClInclude>
    <ClInclude Include="Liabraries\SFML-3.0.0\include\SFML\Network\Packet.hpp">
      <Filter>Header Files</Filter>
    </ClInclude>
    <ClInclude Include="Liabraries\SFML-3.0.0\include\SFML\Network\Socket.hpp">
      <Filter>Header Files</Filter>
    </ClInclude>
    <ClInclude Include="Liabraries\SFML-3.0.0\include\SFML\Network\SocketHandle.hpp">
      <Filter>Header Files</Filter>
    </ClInclude>
    <ClInclude Include="Liabraries\SFML-3.0.0\include\SFML\Network\SocketSelector.hpp">
      <Filter>Header Files</Filter>
    </ClInclude>
    <ClInclude Include="Liabraries\SFML-3.0.0\include\SFML\Network\TcpListener.hpp">
      <Filter>Header Files</Filter>
    </ClInclude>
    <ClInclude Include="Liabraries\SFML-3.0.0\include\SFML\Network\TcpSocket.hpp">
      <Filter>Header Files</Filter>
    </ClInclude>
    <ClInclude Include="Liabraries\SFML-3.0.0\include\SFML\Network\UdpSocket.hpp">
      <Filter>Header Files</Filter>
    </ClInclude>
    <ClInclude Include="Liabraries\SFML-3.0.0\include\SFML\System\Angle.hpp">
      <Filter>Header Files</Filter>
    </ClInclude>
    <ClInclude Include="Liabraries\SFML-3.0.0\include\SFML\System\Clock.hpp">
      <Filter>Header Files</Filter>
    </ClInclude>
    <ClInclude Include="Liabraries\SFML-3.0.0\include\SFML\System\Err.hpp">
      <Filter>Header Files</Filter>
    </ClInclude>
    <ClInclude Include="Liabraries\SFML-3.0.0\include\SFML\System\Exception.hpp">
      <Filter>Header Files</Filter>
    </ClInclude>
    <ClInclude Include="Liabraries\SFML-3.0.0\include\SFML\System\Export.hpp">
      <Filter>Header Files</Filter>
    </ClInclude>
    <ClInclude Include="Liabraries\SFML-3.0.0\include\SFML\System\FileInputStream.hpp">
      <Filter>Header Files</Filter>
    </ClInclude>
    <ClInclude Include="Liabraries\SFML-3.0.0\include\SFML\System\InputStream.hpp">
      <Filter>Header Files</Filter>
    </ClInclude>
    <ClInclude Include="Liabraries\SFML-3.0.0\include\SFML\System\MemoryInputStream.hpp">
      <Filter>Header Files</Filter>
    </ClInclude>
    <ClInclude Include="Liabraries\SFML-3.0.0\include\SFML\System\NativeActivity.hpp">
      <Filter>Header Files</Filter>
    </ClInclude>
    <ClInclude Include="Liabraries\SFML-3.0.0\include\SFML\System\Sleep.hpp">
      <Filter>Header Files</Filter>
    </ClInclude>
    <ClInclude Include="Liabraries\SFML-3.0.0\include\SFML\System\String.hpp">
      <Filter>Header Files</Filter>
    </ClInclude>
    <ClInclude Include="Liabraries\SFML-3.0.0\include\SFML\System\SuspendAwareClock.hpp">
      <Filter>Header Files</Filter>
    </ClInclude>
    <ClInclude Include="Liabraries\SFML-3.0.0\include\SFML\System\Time.hpp">
      <Filter>Header Files</Filter>
    </ClInclude>
    <ClInclude Include="Liabraries\SFML-3.0.0\include\SFML\System\Utf.hpp">
      <Filter>Header Files</Filter>
    </ClInclude>
    <ClInclude Include="Liabraries\SFML-3.0.0\include\SFML\System\Vector2.hpp">
      <Filter>Header Files</Filter>
    </ClInclude>
    <ClInclude Include="Liabraries\SFML-3.0.0\include\SFML\System\Vector3.hpp">
      <Filter>Header Files</Filter>
    </ClInclude>
    <ClInclude Include="Liabraries\SFML-3.0.0\include\SFML\Window\Clipboard.hpp">
      <Filter>Header Files</Filter>
    </ClInclude>
    <ClInclude Include="Liabraries\SFML-3.0.0\include\SFML\Window\Context.hpp">
      <Filter>Header Files</Filter>
    </ClInclude>
    <ClInclude Include="Liabraries\SFML-3.0.0\include\SFML\Window\ContextSettings.hpp">
      <Filter>Header Files</Filter>
    </ClInclude>
    <ClInclude Include="Liabraries\SFML-3.0.0\include\SFML\Window\Cursor.hpp">
      <Filter>Header Files</Filter>
    </ClInclude>
    <ClInclude Include="Liabraries\SFML-3.0.0\include\SFML\Window\Event.hpp">
      <Filter>Header Files</Filter>
    </ClInclude>
    <ClInclude Include="Liabraries\SFML-3.0.0\include\SFML\Window\Export.hpp">
      <Filter>Header Files</Filter>
    </ClInclude>
    <ClInclude Include="Liabraries\SFML-3.0.0\include\SFML\Window\GlResource.hpp">
      <Filter>Header Files</Filter>
    </ClInclude>
    <ClInclude Include="Liabraries\SFML-3.0.0\include\SFML\Window\Joystick.hpp">
      <Filter>Header Files</Filter>
    </ClInclude>
    <ClInclude Include="Liabraries\SFML-3.0.0\include\SFML\Window\Keyboard.hpp">
      <Filter>Header Files</Filter>
    </ClInclude>
    <ClInclude Include="Liabraries\SFML-3.0.0\include\SFML\Window\Mouse.hpp">
      <Filter>Header Files</Filter>
    </ClInclude>
    <ClInclude Include="Liabraries\SFML-3.0.0\include\SFML\Window\Sensor.hpp">
      <Filter>Header Files</Filter>
    </ClInclude>
    <ClInclude Include="Liabraries\SFML-3.0.0\include\SFML\Window\Touch.hpp">
      <Filter>Header Files</Filter>
    </ClInclude>
    <ClInclude Include="Liabraries\SFML-3.0.0\include\SFML\Window\VideoMode.hpp">
      <Filter>Header Files</Filter>
    </ClInclude>
    <ClInclude Include="Liabraries\SFML-3.0.0\include\SFML\Window\Vulkan.hpp">
      <Filter>Header Files</Filter>
    </ClInclude>
    <ClInclude Include="Liabraries\SFML-3.0.0\include\SFML\Window\Window.hpp">
      <Filter>Header Files</Filter>
    </ClInclude>
    <ClInclude Include="Liabraries\SFML-3.0.0\include\SFML\Window\WindowBase.hpp">
      <Filter>Header Files</Filter>
    </ClInclude>
    <ClInclude Include="Liabraries\SFML-3.0.0\include\SFML\Window\WindowEnums.hpp">
      <Filter>Header Files</Filter>
    </ClInclude>
    <ClInclude Include="Liabraries\SFML-3.0.0\include\SFML\Window\WindowHandle.hpp">
      <Filter>Header Files</Filter>
    </ClInclude>
    <ClInclude Include="Liabraries\SFML-3.0.0\include\SFML\Audio.hpp">
      <Filter>Header Files</Filter>
    </ClInclude>
    <ClInclude Include="Liabraries\SFML-3.0.0\include\SFML\Config.hpp">
      <Filter>Header Files</Filter>
    </ClInclude>
    <ClInclude Include="Liabraries\SFML-3.0.0\include\SFML\GpuPreference.hpp">
      <Filter>Header Files</Filter>
    </ClInclude>
    <ClInclude Include="Liabraries\SFML-3.0.0\include\SFML\Graphics.hpp">
      <Filter>Header Files</Filter>
    </ClInclude>
    <ClInclude Include="Liabraries\SFML-3.0.0\include\SFML\Main.hpp">
      <Filter>Header Files</Filter>
    </ClInclude>
    <ClInclude Include="Liabraries\SFML-3.0.0\include\SFML\Network.hpp">
      <Filter>Header Files</Filter>
    </ClInclude>
    <ClInclude Include="Liabraries\SFML-3.0.0\include\SFML\OpenGL.hpp">
      <Filter>Header Files</Filter>
    </ClInclude>
    <ClInclude Include="Liabraries\SFML-3.0.0\include\SFML\System.hpp">
      <Filter>Header Files</Filter>
    </ClInclude>
    <ClInclude Include="Liabraries\SFML-3.0.0\include\SFML\Window.hpp">
      <Filter>Header Files</Filter>
    </ClInclude>
  </ItemGroup>
  <ItemGroup>
    <Font Include="fonts\MouldyCheeseRegular-WyMWG.ttf" />
  </ItemGroup>
  <ItemGroup>
    <Text Include="config\config.txt" />
  </ItemGroup>
  <ItemGroup>
    <None Include="Liabraries\SFML-3.0.0\include\SFML\Audio\SoundFileFactory.inl">
      <Filter>Header Files</Filter>
    </None>
    <None Include="Liabraries\SFML-3.0.0\include\SFML\Graphics\Color.inl">
      <Filter>Header Files</Filter>
    </None>
    <None Include="Liabraries\SFML-3.0.0\include\SFML\Graphics\Glsl.inl">
      <Filter>Header Files</Filter>
    </None>
    <None Include="Liabraries\SFML-3.0.0\include\SFML\Graphics\Rect.inl">
      <Filter>Header Files</Filter>
    </None>
    <None Include="Liabraries\SFML-3.0.0\include\SFML\Graphics\Transform.inl">
      <Filter>Header Files</Filter>
    </None>
    <None Include="Liabraries\SFML-3.0.0\include\SFML\System\Angle.inl">
      <Filter>Header Files</Filter>
    </None>
    <None Include="Liabraries\SFML-3.0.0\include\SFML\System\String.inl">
      <Filter>Header Files</Filter>
    </None>
    <None Include="Liabraries\SFML-3.0.0\include\SFML\System\Time.inl">
      <Filter>Header Files</Filter>
    </None>
    <None Include="Liabraries\SFML-3.0.0\include\SFML\System\Utf.inl">
      <Filter>Header Files</Filter>
    </None>
    <None Include="Liabraries\SFML-3.0.0\include\SFML\System\Vector2.inl">
      <Filter>Header Files</Filter>
    </None>
    <None Include="Liabraries\SFML-3.0.0\include\SFML\System\Vector3.inl">
      <Filter>Header Files</Filter>
    </None>
    <None Include="Liabraries\SFML-3.0.0\include\SFML\Window\Event.inl">
      <Filter>Header Files</Filter>
    </None>
    <None Include="Liabraries\SFML-3.0.0\include\SFML\Window\WindowBase.inl">
      <Filter>Header Files</Filter>
    </None>
    <None Include="Liabraries\SFML-3.0.0\lib\cmake\FLAC\flac-config.cmake" />
    <None Include="Liabraries\SFML-3.0.0\lib\cmake\FLAC\flac-config-version.cmake" />
    <None Include="Liabraries\SFML-3.0.0\lib\cmake\FLAC\targets.cmake" />
    <None Include="Liabraries\SFML-3.0.0\lib\cmake\FLAC\targets-debug.cmake" />
    <None Include="Liabraries\SFML-3.0.0\lib\cmake\FLAC\targets-release.cmake" />
    <None Include="Liabraries\SFML-3.0.0\lib\cmake\freetype\freetype-config.cmake" />
    <None Include="Liabraries\SFML-3.0.0\lib\cmake\freetype\freetype-config-debug.cmake" />
    <None Include="Liabraries\SFML-3.0.0\lib\cmake\freetype\freetype-config-release.cmake" />
    <None Include="Liabraries\SFML-3.0.0\lib\cmake\freetype\freetype-config-version.cmake" />
    <None Include="Liabraries\SFML-3.0.0\lib\cmake\Ogg\OggConfig.cmake" />
    <None Include="Liabraries\SFML-3.0.0\lib\cmake\Ogg\OggConfigVersion.cmake" />
    <None Include="Liabraries\SFML-3.0.0\lib\cmake\Ogg\OggTargets.cmake" />
    <None Include="Liabraries\SFML-3.0.0\lib\cmake\Ogg\OggTargets-debug.cmake" />
    <None Include="Liabraries\SFML-3.0.0\lib\cmake\Ogg\OggTargets-release.cmake" />
    <None Include="Liabraries\SFML-3.0.0\lib\cmake\SFML\FindDRM.cmake" />
    <None Include="Liabraries\SFML-3.0.0\lib\cmake\SFML\FindEGL.cmake" />
    <None Include="Liabraries\SFML-3.0.0\lib\cmake\SFML\FindFLAC.cmake" />
    <None Include="Liabraries\SFML-3.0.0\lib\cmake\SFML\FindFreetype.cmake" />
    <None Include="Liabraries\SFML-3.0.0\lib\cmake\SFML\FindGBM.cmake" />
    <None Include="Liabraries\SFML-3.0.0\lib\cmake\SFML\FindGLES.cmake" />
    <None Include="Liabraries\SFML-3.0.0\lib\cmake\SFML\FindUDev.cmake" />
    <None Include="Liabraries\SFML-3.0.0\lib\cmake\SFML\FindVorbis.cmake" />
    <None Include="Liabraries\SFML-3.0.0\lib\cmake\SFML\SFMLAudioDependencies.cmake" />
    <None Include="Liabraries\SFML-3.0.0\lib\cmake\SFML\SFMLAudioSharedTargets.cmake" />
    <None Include="Liabraries\SFML-3.0.0\lib\cmake\SFML\SFMLAudioSharedTargets-debug.cmake" />
    <None Include="Liabraries\SFML-3.0.0\lib\cmake\SFML\SFMLAudioSharedTargets-release.cmake" />
    <None Include="Liabraries\SFML-3.0.0\lib\cmake\SFML\SFMLAudioStaticTargets.cmake" />
    <None Include="Liabraries\SFML-3.0.0\lib\cmake\SFML\SFMLAudioStaticTargets-debug.cmake" />
    <None Include="Liabraries\SFML-3.0.0\lib\cmake\SFML\SFMLAudioStaticTargets-release.cmake" />
    <None Include="Liabraries\SFML-3.0.0\lib\cmake\SFML\SFMLConfig.cmake" />
    <None Include="Liabraries\SFML-3.0.0\lib\cmake\SFML\SFMLConfigVersion.cmake" />
    <None Include="Liabraries\SFML-3.0.0\lib\cmake\SFML\SFMLGraphicsDependencies.cmake" />
    <None Include="Liabraries\SFML-3.0.0\lib\cmake\SFML\SFMLGraphicsSharedTargets.cmake" />
    <None Include="Liabraries\SFML-3.0.0\lib\cmake\SFML\SFMLGraphicsSharedTargets-debug.cmake" />
    <None Include="Liabraries\SFML-3.0.0\lib\cmake\SFML\SFMLGraphicsSharedTargets-release.cmake" />
    <None Include="Liabraries\SFML-3.0.0\lib\cmake\SFML\SFMLGraphicsStaticTargets.cmake" />
    <None Include="Liabraries\SFML-3.0.0\lib\cmake\SFML\SFMLGraphicsStaticTargets-debug.cmake" />
    <None Include="Liabraries\SFML-3.0.0\lib\cmake\SFML\SFMLGraphicsStaticTargets-release.cmake" />
    <None Include="Liabraries\SFML-3.0.0\lib\cmake\SFML\SFMLMainSharedTargets.cmake" />
    <None Include="Liabraries\SFML-3.0.0\lib\cmake\SFML\SFMLMainSharedTargets-debug.cmake" />
    <None Include="Liabraries\SFML-3.0.0\lib\cmake\SFML\SFMLMainSharedTargets-release.cmake" />
    <None Include="Liabraries\SFML-3.0.0\lib\cmake\SFML\SFMLMainStaticTargets.cmake" />
    <None Include="Liabraries\SFML-3.0.0\lib\cmake\SFML\SFMLMainStaticTargets-debug.cmake" />
    <None Include="Liabraries\SFML-3.0.0\lib\cmake\SFML\SFMLMainStaticTargets-release.cmake" />
    <None Include="Liabraries\SFML-3.0.0\lib\cmake\SFML\SFMLNetworkSharedTargets.cmake" />
    <None Include="Liabraries\SFML-3.0.0\lib\cmake\SFML\SFMLNetworkSharedTargets-debug.cmake" />
    <None Include="Liabraries\SFML-3.0.0\lib\cmake\SFML\SFMLNetworkSharedTargets-release.cmake" />
    <None Include="Liabraries\SFML-3.0.0\lib\cmake\SFML\SFMLNetworkStaticTargets.cmake" />
    <None Include="Liabraries\SFML-3.0.0\lib\cmake\SFML\SFMLNetworkStaticTargets-debug.cmake" />
    <None Include="Liabraries\SFML-3.0.0\lib\cmake\SFML\SFMLNetworkStaticTargets-release.cmake" />
    <None Include="Liabraries\SFML-3.0.0\lib\cmake\SFML\SFMLSystemDependencies.cmake" />
    <None Include="Liabraries\SFML-3.0.0\lib\cmake\SFML\SFMLSystemSharedTargets.cmake" />
    <None Include="Liabraries\SFML-3.0.0\lib\cmake\SFML\SFMLSystemSharedTargets-debug.cmake" />
    <None Include="Liabraries\SFML-3.0.0\lib\cmake\SFML\SFMLSystemSharedTargets-release.cmake" />
    <None Include="Liabraries\SFML-3.0.0\lib\cmake\SFML\SFMLSystemStaticTargets.cmake" />
    <None Include="Liabraries\SFML-3.0.0\lib\cmake\SFML\SFMLSystemStaticTargets-debug.cmake" />
    <None Include="Liabraries\SFML-3.0.0\lib\cmake\SFML\SFMLSystemStaticTargets-release.cmake" />
    <None Include="Liabraries\SFML-3.0.0\lib\cmake\SFML\SFMLWindowDependencies.cmake" />
    <None Include="Liabraries\SFML-3.0.0\lib\cmake\SFML\SFMLWindowSharedTargets.cmake" />
    <None Include="Liabraries\SFML-3.0.0\lib\cmake\SFML\SFMLWindowSharedTargets-debug.cmake" />
    <None Include="Liabraries\SFML-3.0.0\lib\cmake\SFML\SFMLWindowSharedTargets-release.cmake" />
    <None Include="Liabraries\SFML-3.0.0\lib\cmake\SFML\SFMLWindowStaticTargets.cmake" />
    <None Include="Liabraries\SFML-3.0.0\lib\cmake\SFML\SFMLWindowStaticTargets-debug.cmake" />
    <None Include="Liabraries\SFML-3.0.0\lib\cmake\SFML\SFMLWindowStaticTargets-release.cmake" />
    <None Include="Liabraries\SFML-3.0.0\lib\cmake\Vorbis\VorbisConfig.cmake" />
    <None Include="Liabraries\SFML-3.0.0\lib\cmake\Vorbis\VorbisConfigVersion.cmake" />
    <None Include="Liabraries\SFML-3.0.0\lib\cmake\Vorbis\VorbisTargets.cmake" />
    <None Include="Liabraries\SFML-3.0.0\lib\cmake\Vorbis\VorbisTargets-debug.cmake" />
    <None Include="Liabraries\SFML-3.0.0\lib\cmake\Vorbis\VorbisTargets-release.cmake" />
    <None Include="Liabraries\SFML-3.0.0\lib\Debug\FLACd.pdb" />
    <None Include="Liabraries\SFML-3.0.0\lib\Debug\freetyped.pdb" />
    <None Include="Liabraries\SFML-3.0.0\lib\Debug\oggd.pdb" />
    <None Include="Liabraries\SFML-3.0.0\lib\Debug\sfml-audio.pdb" />
    <None Include="Liabraries\SFML-3.0.0\lib\Debug\sfml-audio-s.pdb" />
    <None Include="Liabraries\SFML-3.0.0\lib\Debug\sfml-audio-s-d.pdb" />
    <None Include="Liabraries\SFML-3.0.0\lib\Debug\sfml-graphics.pdb" />
    <None Include="Liabraries\SFML-3.0.0\lib\Debug\sfml-graphics-s.pdb" />
    <None Include="Liabraries\SFML-3.0.0\lib\Debug\sfml-graphics-s-d.pdb" />
    <None Include="Liabraries\SFML-3.0.0\lib\Debug\sfml-main.pdb" />
    <None Include="Liabraries\SFML-3.0.0\lib\Debug\sfml-main-s-d.pdb" />
    <None Include="Liabraries\SFML-3.0.0\lib\Debug\sfml-network.pdb" />
    <None Include="Liabraries\SFML-3.0.0\lib\Debug\sfml-network-s.pdb" />
    <None Include="Liabraries\SFML-3.0.0\lib\Debug\sfml-network-s-d.pdb" />
    <None Include="Liabraries\SFML-3.0.0\lib\Debug\sfml-system.pdb" />
    <None Include="Liabraries\SFML-3.0.0\lib\Debug\sfml-system-s.pdb" />
    <None Include="Liabraries\SFML-3.0.0\lib\Debug\sfml-system-s-d.pdb" />
    <None Include="Liabraries\SFML-3.0.0\lib\Debug\sfml-window.pdb" />
    <None Include="Liabraries\SFML-3.0.0\lib\Debug\sfml-window-s.pdb" />
    <None Include="Liabraries\SFML-3.0.0\lib\Debug\sfml-window-s-d.pdb" />
    <None Include="Liabraries\SFML-3.0.0\lib\Debug\vorbisd.pdb" />
    <None Include="Liabraries\SFML-3.0.0\lib\Debug\vorbisencd.pdb" />
    <None Include="Liabraries\SFML-3.0.0\lib\Debug\vorbisfiled.pdb" />
    <None Include="imgui.ini" />
    <None Include="x64\Debug\sfml-audio-d-3.dll" />
    <None Include="x64\Debug\sfml-graphics-d-3.dll" />
    <None Include="x64\Debug\sfml-network-d-3.dll" />
    <None Include="x64\Debug\sfml-system-d-3.dll" />
    <None Include="x64\Debug\sfml-window-d-3.dll" />
    <None Include="x64\Release\sfml-audio-3.dll" />
    <None Include="x64\Release\sfml-graphics-3.dll" />
    <None Include="x64\Release\sfml-network-3.dll" />
    <None Include="x64\Release\sfml-system-3.dll" />
    <None Include="x64\Release\sfml-window-3.dll" />
    <None Include="x64\Release\Shape Simulation.pdb" />
  </ItemGroup>
  <ItemGroup>
    <Library Include="Liabraries\SFML-3.0.0\lib\FLAC.lib" />
    <Library Include="Liabraries\SFML-3.0.0\lib\FLACd.lib" />
    <Library Include="Liabraries\SFML-3.0.0\lib\freetype.lib" />
    <Library Include="Liabraries\SFML-3.0.0\lib\freetyped.lib" />
    <Library Include="Liabraries\SFML-3.0.0\lib\ogg.lib" />
    <Library Include="Liabraries\SFML-3.0.0\lib\oggd.lib" />
    <Library Include="Liabraries\SFML-3.0.0\lib\sfml-audio.lib" />
    <Library Include="Liabraries\SFML-3.0.0\lib\sfml-audio-d.lib" />
    <Library Include="Liabraries\SFML-3.0.0\lib\sfml-audio-s.lib" />
    <Library Include="Liabraries\SFML-3.0.0\lib\sfml-audio-s-d.lib" />
    <Library Include="Liabraries\SFML-3.0.0\lib\sfml-graphics.lib" />
    <Library Include="Liabraries\SFML-3.0.0\lib\sfml-graphics-d.lib" />
    <Library Include="Liabraries\SFML-3.0.0\lib\sfml-graphics-s.lib" />
    <Library Include="Liabraries\SFML-3.0.0\lib\sfml-graphics-s-d.lib" />
    <Library Include="Liabraries\SFML-3.0.0\lib\sfml-main-s.lib" />
    <Library Include="Liabraries\SFML-3.0.0\lib\sfml-main-s-d.lib" />
    <Library Include="Liabraries\SFML-3.0.0\lib\sfml-network.lib" />
    <Library Include="Liabraries\SFML-3.0.0\lib\sfml-network-d.lib" />
    <Library Include="Liabraries\SFML-3.0.0\lib\sfml-network-s.lib" />
    <Library Include="Liabraries\SFML-3.0.0\lib\sfml-network-s-d.lib" />
    <Library Include="Liabraries\SFML-3.0.0\lib\sfml-system.lib" />
    <Library Include="Liabraries\SFML-3.0.0\lib\sfml-system-d.lib" />
    <Library Include="Liabraries\SFML-3.0.0\lib\sfml-system-s.lib" />
    <Library Include="Liabraries\SFML-3.0.0\lib\sfml-system-s-d.lib" />
    <Library Include="Liabraries\SFML-3.0.0\lib\sfml-window.lib" />
    <Library Include="Liabraries\SFML-3.0.0\lib\sfml-window-d.lib" />
    <Library Include="Liabraries\SFML-3.0.0\lib\sfml-window-s.lib" />
    <Library Include="Liabraries\SFML-3.0.0\lib\sfml-window-s-d.lib" />
    <Library Include="Liabraries\SFML-3.0.0\lib\vorbis.lib" />
    <Library Include="Liabraries\SFML-3.0.0\lib\vorbisd.lib" />
    <Library Include="Liabraries\SFML-3.0.0\lib\vorbisenc.lib" />
    <Library Include="Liabraries\SFML-3.0.0\lib\vorbisencd.lib" />
    <Library Include="Liabraries\SFML-3.0.0\lib\vorbisfile.lib" />
    <Library Include="Liabraries\SFML-3.0.0\lib\vorbisfiled.lib" />
  </ItemGroup>
</Project>